
Microsoft Visual Studio Solution File, Format Version 12.00
# Visual Studio Version 17
VisualStudioVersion = 17.5.002.0
MinimumVisualStudioVersion = 10.0.40219.1
Project("{9A19103F-16F7-4668-BE54-9A1E7A4F7556}") = "Projeto curso intermediário", "Projeto curso intermediário.csproj", "{FF7D4683-B768-425F-B480-6C290D2F67AA}"
EndProject
Global
	GlobalSection(SolutionConfigurationPlatforms) = preSolution
		Debug|Any CPU = Debug|Any CPU
		Release|Any CPU = Release|Any CPU
	EndGlobalSection
	GlobalSection(ProjectConfigurationPlatforms) = postSolution
		{FF7D4683-B768-425F-B480-6C290D2F67AA}.Debug|Any CPU.ActiveCfg = Debug|Any CPU
		{FF7D4683-B768-425F-B480-6C290D2F67AA}.Debug|Any CPU.Build.0 = Debug|Any CPU
		{FF7D4683-B768-425F-B480-6C290D2F67AA}.Release|Any CPU.ActiveCfg = Release|Any CPU
		{FF7D4683-B768-425F-B480-6C290D2F67AA}.Release|Any CPU.Build.0 = Release|Any CPU
	EndGlobalSection
	GlobalSection(SolutionProperties) = preSolution
		HideSolutionNode = FALSE
	EndGlobalSection
	GlobalSection(ExtensibilityGlobals) = postSolution
		SolutionGuid = {399767C5-2C88-4912-89B7-D0CC3E4F2E81}
	EndGlobalSection
EndGlobal
