
Microsoft Visual Studio Solution File, Format Version 12.00
# Visual Studio Version 17
VisualStudioVersion = 17.5.002.0
MinimumVisualStudioVersion = 10.0.40219.1
Project("{9A19103F-16F7-4668-BE54-9A1E7A4F7556}") = "Bootcamp decola tech", "Bootcamp decola tech.csproj", "{EEA8B4D2-F622-4957-B8C2-E98FC35DF365}"
EndProject
Global
	GlobalSection(SolutionConfigurationPlatforms) = preSolution
		Debug|Any CPU = Debug|Any CPU
		Release|Any CPU = Release|Any CPU
	EndGlobalSection
	GlobalSection(ProjectConfigurationPlatforms) = postSolution
		{EEA8B4D2-F622-4957-B8C2-E98FC35DF365}.Debug|Any CPU.ActiveCfg = Debug|Any CPU
		{EEA8B4D2-F622-4957-B8C2-E98FC35DF365}.Debug|Any CPU.Build.0 = Debug|Any CPU
		{EEA8B4D2-F622-4957-B8C2-E98FC35DF365}.Release|Any CPU.ActiveCfg = Release|Any CPU
		{EEA8B4D2-F622-4957-B8C2-E98FC35DF365}.Release|Any CPU.Build.0 = Release|Any CPU
	EndGlobalSection
	GlobalSection(SolutionProperties) = preSolution
		HideSolutionNode = FALSE
	EndGlobalSection
	GlobalSection(ExtensibilityGlobals) = postSolution
		SolutionGuid = {AFB70FE4-77A6-4F00-8A84-C3FB5F77BF25}
	EndGlobalSection
EndGlobal
